
Microsoft Visual Studio Solution File, Format Version 12.00
# Visual Studio 2013
VisualStudioVersion = 12.0.31101.0
MinimumVisualStudioVersion = 10.0.40219.1
Project("{FAE04EC0-301F-11D3-BF4B-00C04F79EFBC}") = "Kinect.Interfaces", "Kinect.Interfaces\Kinect.Interfaces.csproj", "{8D7A8DF6-8982-4924-BA28-3DD639A95CD3}"
EndProject
Project("{FAE04EC0-301F-11D3-BF4B-00C04F79EFBC}") = "Kinect.Core", "Kinect.Core\Kinect.Core.csproj", "{DDDEC1C7-AE14-4C2C-8A1C-466CA47A6C87}"
EndProject
Project("{FAE04EC0-301F-11D3-BF4B-00C04F79EFBC}") = "Kinect.Gestures", "Kinect.Gestures\Kinect.Gestures.csproj", "{507F4FC1-16DC-4C51-9FA8-3E2C57F705E4}"
EndProject
Project("{FAE04EC0-301F-11D3-BF4B-00C04F79EFBC}") = "Kinect.DisplayLog", "Kinect.DisplayLog\Kinect.DisplayLog.csproj", "{E621D16A-FE29-489F-BECE-5FDD8809392D}"
EndProject
Project("{FAE04EC0-301F-11D3-BF4B-00C04F79EFBC}") = "Kinect.Powerpoint", "Kinect.Powerpoint\Kinect.Powerpoint.csproj", "{1BC181BC-B3B6-45B9-B2B8-6F285E8A5ED6}"
EndProject
Project("{FAE04EC0-301F-11D3-BF4B-00C04F79EFBC}") = "Pacman_Game", "Pacman_Game\Pacman_Game.csproj", "{BAEBBDFC-6512-405F-8D3B-0CB96A42A83A}"
EndProject
Project("{FAE04EC0-301F-11D3-BF4B-00C04F79EFBC}") = "Kinect.Keyboard", "Kinect.Keyboard\Kinect.Keyboard.csproj", "{1C2163D8-EABA-4AC8-A6AA-C8B8735A9702}"
EndProject
Project("{2150E333-8FDC-42A3-9474-1A3956D46DE8}") = "Images", "Images", "{B06704AF-2894-45C6-8843-D6EA619D2137}"
	ProjectSection(SolutionItems) = preProject
		Images\hand.png = Images\hand.png
	EndProjectSection
EndProject
Global
	GlobalSection(SolutionConfigurationPlatforms) = preSolution
		Debug|Any CPU = Debug|Any CPU
		Debug|Mixed Platforms = Debug|Mixed Platforms
		Debug|x86 = Debug|x86
		Release|Any CPU = Release|Any CPU
		Release|Mixed Platforms = Release|Mixed Platforms
		Release|x86 = Release|x86
		Test|Any CPU = Test|Any CPU
		Test|Mixed Platforms = Test|Mixed Platforms
		Test|x86 = Test|x86
	EndGlobalSection
	GlobalSection(ProjectConfigurationPlatforms) = postSolution
		{8D7A8DF6-8982-4924-BA28-3DD639A95CD3}.Debug|Any CPU.ActiveCfg = Debug|Any CPU
		{8D7A8DF6-8982-4924-BA28-3DD639A95CD3}.Debug|Any CPU.Build.0 = Debug|Any CPU
		{8D7A8DF6-8982-4924-BA28-3DD639A95CD3}.Debug|Mixed Platforms.ActiveCfg = Debug|Any CPU
		{8D7A8DF6-8982-4924-BA28-3DD639A95CD3}.Debug|x86.ActiveCfg = Debug|Any CPU
		{8D7A8DF6-8982-4924-BA28-3DD639A95CD3}.Debug|x86.Build.0 = Debug|Any CPU
		{8D7A8DF6-8982-4924-BA28-3DD639A95CD3}.Release|Any CPU.ActiveCfg = Release|Any CPU
		{8D7A8DF6-8982-4924-BA28-3DD639A95CD3}.Release|Any CPU.Build.0 = Release|Any CPU
		{8D7A8DF6-8982-4924-BA28-3DD639A95CD3}.Release|Mixed Platforms.ActiveCfg = Release|Any CPU
		{8D7A8DF6-8982-4924-BA28-3DD639A95CD3}.Release|x86.ActiveCfg = Release|Any CPU
		{8D7A8DF6-8982-4924-BA28-3DD639A95CD3}.Test|Any CPU.ActiveCfg = Release|Any CPU
		{8D7A8DF6-8982-4924-BA28-3DD639A95CD3}.Test|Mixed Platforms.ActiveCfg = Release|Any CPU
		{8D7A8DF6-8982-4924-BA28-3DD639A95CD3}.Test|x86.ActiveCfg = Release|Any CPU
		{DDDEC1C7-AE14-4C2C-8A1C-466CA47A6C87}.Debug|Any CPU.ActiveCfg = Debug|Any CPU
		{DDDEC1C7-AE14-4C2C-8A1C-466CA47A6C87}.Debug|Any CPU.Build.0 = Debug|Any CPU
		{DDDEC1C7-AE14-4C2C-8A1C-466CA47A6C87}.Debug|Mixed Platforms.ActiveCfg = Debug|Any CPU
		{DDDEC1C7-AE14-4C2C-8A1C-466CA47A6C87}.Debug|x86.ActiveCfg = Debug|Any CPU
		{DDDEC1C7-AE14-4C2C-8A1C-466CA47A6C87}.Debug|x86.Build.0 = Debug|Any CPU
		{DDDEC1C7-AE14-4C2C-8A1C-466CA47A6C87}.Release|Any CPU.ActiveCfg = Release|Any CPU
		{DDDEC1C7-AE14-4C2C-8A1C-466CA47A6C87}.Release|Any CPU.Build.0 = Release|Any CPU
		{DDDEC1C7-AE14-4C2C-8A1C-466CA47A6C87}.Release|Mixed Platforms.ActiveCfg = Release|Any CPU
		{DDDEC1C7-AE14-4C2C-8A1C-466CA47A6C87}.Release|x86.ActiveCfg = Release|Any CPU
		{DDDEC1C7-AE14-4C2C-8A1C-466CA47A6C87}.Test|Any CPU.ActiveCfg = Release|Any CPU
		{DDDEC1C7-AE14-4C2C-8A1C-466CA47A6C87}.Test|Mixed Platforms.ActiveCfg = Release|Any CPU
		{DDDEC1C7-AE14-4C2C-8A1C-466CA47A6C87}.Test|x86.ActiveCfg = Release|Any CPU
		{507F4FC1-16DC-4C51-9FA8-3E2C57F705E4}.Debug|Any CPU.ActiveCfg = Debug|Any CPU
		{507F4FC1-16DC-4C51-9FA8-3E2C57F705E4}.Debug|Any CPU.Build.0 = Debug|Any CPU
		{507F4FC1-16DC-4C51-9FA8-3E2C57F705E4}.Debug|Mixed Platforms.ActiveCfg = Debug|Any CPU
		{507F4FC1-16DC-4C51-9FA8-3E2C57F705E4}.Debug|x86.ActiveCfg = Debug|Any CPU
		{507F4FC1-16DC-4C51-9FA8-3E2C57F705E4}.Debug|x86.Build.0 = Debug|Any CPU
		{507F4FC1-16DC-4C51-9FA8-3E2C57F705E4}.Release|Any CPU.ActiveCfg = Release|Any CPU
		{507F4FC1-16DC-4C51-9FA8-3E2C57F705E4}.Release|Any CPU.Build.0 = Release|Any CPU
		{507F4FC1-16DC-4C51-9FA8-3E2C57F705E4}.Release|Mixed Platforms.ActiveCfg = Release|Any CPU
		{507F4FC1-16DC-4C51-9FA8-3E2C57F705E4}.Release|x86.ActiveCfg = Release|Any CPU
		{507F4FC1-16DC-4C51-9FA8-3E2C57F705E4}.Test|Any CPU.ActiveCfg = Release|Any CPU
		{507F4FC1-16DC-4C51-9FA8-3E2C57F705E4}.Test|Mixed Platforms.ActiveCfg = Release|Any CPU
		{507F4FC1-16DC-4C51-9FA8-3E2C57F705E4}.Test|x86.ActiveCfg = Release|Any CPU
		{E621D16A-FE29-489F-BECE-5FDD8809392D}.Debug|Any CPU.ActiveCfg = Debug|Any CPU
		{E621D16A-FE29-489F-BECE-5FDD8809392D}.Debug|Any CPU.Build.0 = Debug|Any CPU
		{E621D16A-FE29-489F-BECE-5FDD8809392D}.Debug|Mixed Platforms.ActiveCfg = Debug|Any CPU
		{E621D16A-FE29-489F-BECE-5FDD8809392D}.Debug|x86.ActiveCfg = Debug|Any CPU
		{E621D16A-FE29-489F-BECE-5FDD8809392D}.Debug|x86.Build.0 = Debug|Any CPU
		{E621D16A-FE29-489F-BECE-5FDD8809392D}.Release|Any CPU.ActiveCfg = Release|Any CPU
		{E621D16A-FE29-489F-BECE-5FDD8809392D}.Release|Any CPU.Build.0 = Release|Any CPU
		{E621D16A-FE29-489F-BECE-5FDD8809392D}.Release|Mixed Platforms.ActiveCfg = Release|Any CPU
		{E621D16A-FE29-489F-BECE-5FDD8809392D}.Release|x86.ActiveCfg = Release|Any CPU
		{E621D16A-FE29-489F-BECE-5FDD8809392D}.Test|Any CPU.ActiveCfg = Release|Any CPU
		{E621D16A-FE29-489F-BECE-5FDD8809392D}.Test|Mixed Platforms.ActiveCfg = Release|Any CPU
		{E621D16A-FE29-489F-BECE-5FDD8809392D}.Test|x86.ActiveCfg = Release|Any CPU
		{1BC181BC-B3B6-45B9-B2B8-6F285E8A5ED6}.Debug|Any CPU.ActiveCfg = Debug|Any CPU
		{1BC181BC-B3B6-45B9-B2B8-6F285E8A5ED6}.Debug|Any CPU.Build.0 = Debug|Any CPU
		{1BC181BC-B3B6-45B9-B2B8-6F285E8A5ED6}.Debug|Mixed Platforms.ActiveCfg = Debug|Any CPU
		{1BC181BC-B3B6-45B9-B2B8-6F285E8A5ED6}.Debug|x86.ActiveCfg = Debug|Any CPU
		{1BC181BC-B3B6-45B9-B2B8-6F285E8A5ED6}.Debug|x86.Build.0 = Debug|Any CPU
		{1BC181BC-B3B6-45B9-B2B8-6F285E8A5ED6}.Release|Any CPU.ActiveCfg = Release|Any CPU
		{1BC181BC-B3B6-45B9-B2B8-6F285E8A5ED6}.Release|Any CPU.Build.0 = Release|Any CPU
		{1BC181BC-B3B6-45B9-B2B8-6F285E8A5ED6}.Release|Mixed Platforms.ActiveCfg = Release|Any CPU
		{1BC181BC-B3B6-45B9-B2B8-6F285E8A5ED6}.Release|x86.ActiveCfg = Release|Any CPU
		{1BC181BC-B3B6-45B9-B2B8-6F285E8A5ED6}.Test|Any CPU.ActiveCfg = Release|Any CPU
		{1BC181BC-B3B6-45B9-B2B8-6F285E8A5ED6}.Test|Mixed Platforms.ActiveCfg = Release|Any CPU
		{1BC181BC-B3B6-45B9-B2B8-6F285E8A5ED6}.Test|x86.ActiveCfg = Release|Any CPU
		{BAEBBDFC-6512-405F-8D3B-0CB96A42A83A}.Debug|Any CPU.ActiveCfg = Debug|x86
		{BAEBBDFC-6512-405F-8D3B-0CB96A42A83A}.Debug|Mixed Platforms.ActiveCfg = Debug|x86
		{BAEBBDFC-6512-405F-8D3B-0CB96A42A83A}.Debug|Mixed Platforms.Build.0 = Debug|x86
		{BAEBBDFC-6512-405F-8D3B-0CB96A42A83A}.Debug|x86.ActiveCfg = Debug|x86
		{BAEBBDFC-6512-405F-8D3B-0CB96A42A83A}.Debug|x86.Build.0 = Debug|x86
		{BAEBBDFC-6512-405F-8D3B-0CB96A42A83A}.Release|Any CPU.ActiveCfg = Release|x86
		{BAEBBDFC-6512-405F-8D3B-0CB96A42A83A}.Release|Mixed Platforms.ActiveCfg = Release|x86
		{BAEBBDFC-6512-405F-8D3B-0CB96A42A83A}.Release|Mixed Platforms.Build.0 = Release|x86
		{BAEBBDFC-6512-405F-8D3B-0CB96A42A83A}.Release|x86.ActiveCfg = Release|x86
		{BAEBBDFC-6512-405F-8D3B-0CB96A42A83A}.Release|x86.Build.0 = Release|x86
		{BAEBBDFC-6512-405F-8D3B-0CB96A42A83A}.Test|Any CPU.ActiveCfg = Release|x86
		{BAEBBDFC-6512-405F-8D3B-0CB96A42A83A}.Test|Mixed Platforms.ActiveCfg = Release|x86
		{BAEBBDFC-6512-405F-8D3B-0CB96A42A83A}.Test|Mixed Platforms.Build.0 = Release|x86
		{BAEBBDFC-6512-405F-8D3B-0CB96A42A83A}.Test|x86.ActiveCfg = Release|x86
		{BAEBBDFC-6512-405F-8D3B-0CB96A42A83A}.Test|x86.Build.0 = Release|x86
		{1C2163D8-EABA-4AC8-A6AA-C8B8735A9702}.Debug|Any CPU.ActiveCfg = Debug|Any CPU
		{1C2163D8-EABA-4AC8-A6AA-C8B8735A9702}.Debug|Any CPU.Build.0 = Debug|Any CPU
		{1C2163D8-EABA-4AC8-A6AA-C8B8735A9702}.Debug|Mixed Platforms.ActiveCfg = Debug|Any CPU
		{1C2163D8-EABA-4AC8-A6AA-C8B8735A9702}.Debug|Mixed Platforms.Build.0 = Debug|Any CPU
		{1C2163D8-EABA-4AC8-A6AA-C8B8735A9702}.Debug|x86.ActiveCfg = Debug|Any CPU
		{1C2163D8-EABA-4AC8-A6AA-C8B8735A9702}.Debug|x86.Build.0 = Debug|Any CPU
		{1C2163D8-EABA-4AC8-A6AA-C8B8735A9702}.Release|Any CPU.ActiveCfg = Release|Any CPU
		{1C2163D8-EABA-4AC8-A6AA-C8B8735A9702}.Release|Any CPU.Build.0 = Release|Any CPU
		{1C2163D8-EABA-4AC8-A6AA-C8B8735A9702}.Release|Mixed Platforms.ActiveCfg = Release|Any CPU
		{1C2163D8-EABA-4AC8-A6AA-C8B8735A9702}.Release|Mixed Platforms.Build.0 = Release|Any CPU
		{1C2163D8-EABA-4AC8-A6AA-C8B8735A9702}.Release|x86.ActiveCfg = Release|Any CPU
		{1C2163D8-EABA-4AC8-A6AA-C8B8735A9702}.Test|Any CPU.ActiveCfg = Release|Any CPU
		{1C2163D8-EABA-4AC8-A6AA-C8B8735A9702}.Test|Any CPU.Build.0 = Release|Any CPU
		{1C2163D8-EABA-4AC8-A6AA-C8B8735A9702}.Test|Mixed Platforms.ActiveCfg = Release|Any CPU
		{1C2163D8-EABA-4AC8-A6AA-C8B8735A9702}.Test|Mixed Platforms.Build.0 = Release|Any CPU
		{1C2163D8-EABA-4AC8-A6AA-C8B8735A9702}.Test|x86.ActiveCfg = Release|Any CPU
	EndGlobalSection
	GlobalSection(SolutionProperties) = preSolution
		HideSolutionNode = FALSE
	EndGlobalSection
EndGlobal
